
Microsoft Visual Studio Solution File, Format Version 12.00
# Visual Studio Version 16
VisualStudioVersion = 16.0.32126.315
MinimumVisualStudioVersion = 10.0.40219.1
Project("{9A19103F-16F7-4668-BE54-9A1E7A4F7556}") = "QuanLyThuVien", "QuanLyThuVien\QuanLyThuVien.csproj", "{C3A8AA80-D728-43C3-947E-7D96F349AFCA}"
EndProject
Project("{FAE04EC0-301F-11D3-BF4B-00C04F79EFBC}") = "Entities", "Entities\Entities.csproj", "{0659AE97-4503-4F21-80E3-89EA0474B789}"
EndProject
Project("{FAE04EC0-301F-11D3-BF4B-00C04F79EFBC}") = "Contracts", "Contracts\Contracts.csproj", "{D187FCF7-D645-42C0-AA65-3574E678D1BA}"
EndProject
Project("{FAE04EC0-301F-11D3-BF4B-00C04F79EFBC}") = "Repository", "Repository\Repository.csproj", "{39446F01-E922-440E-BEFB-BDB474355A23}"
EndProject
Global
	GlobalSection(SolutionConfigurationPlatforms) = preSolution
		Debug|Any CPU = Debug|Any CPU
		Release|Any CPU = Release|Any CPU
	EndGlobalSection
	GlobalSection(ProjectConfigurationPlatforms) = postSolution
		{C3A8AA80-D728-43C3-947E-7D96F349AFCA}.Debug|Any CPU.ActiveCfg = Debug|Any CPU
		{C3A8AA80-D728-43C3-947E-7D96F349AFCA}.Debug|Any CPU.Build.0 = Debug|Any CPU
		{C3A8AA80-D728-43C3-947E-7D96F349AFCA}.Release|Any CPU.ActiveCfg = Release|Any CPU
		{C3A8AA80-D728-43C3-947E-7D96F349AFCA}.Release|Any CPU.Build.0 = Release|Any CPU
		{0659AE97-4503-4F21-80E3-89EA0474B789}.Debug|Any CPU.ActiveCfg = Debug|Any CPU
		{0659AE97-4503-4F21-80E3-89EA0474B789}.Debug|Any CPU.Build.0 = Debug|Any CPU
		{0659AE97-4503-4F21-80E3-89EA0474B789}.Release|Any CPU.ActiveCfg = Release|Any CPU
		{0659AE97-4503-4F21-80E3-89EA0474B789}.Release|Any CPU.Build.0 = Release|Any CPU
		{D187FCF7-D645-42C0-AA65-3574E678D1BA}.Debug|Any CPU.ActiveCfg = Debug|Any CPU
		{D187FCF7-D645-42C0-AA65-3574E678D1BA}.Debug|Any CPU.Build.0 = Debug|Any CPU
		{D187FCF7-D645-42C0-AA65-3574E678D1BA}.Release|Any CPU.ActiveCfg = Release|Any CPU
		{D187FCF7-D645-42C0-AA65-3574E678D1BA}.Release|Any CPU.Build.0 = Release|Any CPU
		{39446F01-E922-440E-BEFB-BDB474355A23}.Debug|Any CPU.ActiveCfg = Debug|Any CPU
		{39446F01-E922-440E-BEFB-BDB474355A23}.Debug|Any CPU.Build.0 = Debug|Any CPU
		{39446F01-E922-440E-BEFB-BDB474355A23}.Release|Any CPU.ActiveCfg = Release|Any CPU
		{39446F01-E922-440E-BEFB-BDB474355A23}.Release|Any CPU.Build.0 = Release|Any CPU
	EndGlobalSection
	GlobalSection(SolutionProperties) = preSolution
		HideSolutionNode = FALSE
	EndGlobalSection
	GlobalSection(ExtensibilityGlobals) = postSolution
		SolutionGuid = {024AA2DB-FC47-488B-A622-223855019B1D}
	EndGlobalSection
EndGlobal
